
Microsoft Visual Studio Solution File, Format Version 12.00
# Visual Studio Version 16
VisualStudioVersion = 16.0.808.2
MinimumVisualStudioVersion = 10.0.40219.1
Project("{FAE04EC0-301F-11D3-BF4B-00C04F79EFBC}") = "AspNetCore", "AspNetCore.csproj", "{E552D7DD-5125-494A-94A1-73401567F8F1}"
EndProject
Global
	GlobalSection(SolutionConfigurationPlatforms) = preSolution
		Debug|Any CPU = Debug|Any CPU
		Release|Any CPU = Release|Any CPU
	EndGlobalSection
	GlobalSection(ProjectConfigurationPlatforms) = postSolution
		{E552D7DD-5125-494A-94A1-73401567F8F1}.Debug|Any CPU.ActiveCfg = Debug|Any CPU
		{E552D7DD-5125-494A-94A1-73401567F8F1}.Debug|Any CPU.Build.0 = Debug|Any CPU
		{E552D7DD-5125-494A-94A1-73401567F8F1}.Release|Any CPU.ActiveCfg = Release|Any CPU
		{E552D7DD-5125-494A-94A1-73401567F8F1}.Release|Any CPU.Build.0 = Release|Any CPU
	EndGlobalSection
	GlobalSection(SolutionProperties) = preSolution
		HideSolutionNode = FALSE
	EndGlobalSection
	GlobalSection(ExtensibilityGlobals) = postSolution
		SolutionGuid = {716CD29A-EAD4-4C37-9FD1-544FBC6F2BAA}
	EndGlobalSection
EndGlobal
